
Microsoft Visual Studio Solution File, Format Version 12.00
# Visual Studio 15
VisualStudioVersion = 15.0.26124.0
MinimumVisualStudioVersion = 15.0.26124.0
Project("{2150E333-8FDC-42A3-9474-1A3956D46DE8}") = "src", "src", "{A3B6D6EA-9857-448C-8E4F-61891A0CFD87}"
EndProject
Project("{FAE04EC0-301F-11D3-BF4B-00C04F79EFBC}") = "SimpleAPI", "src\SimpleAPI\SimpleAPI.csproj", "{1C23E92A-372F-44CB-8575-76721F8AEF7D}"
EndProject
Project("{2150E333-8FDC-42A3-9474-1A3956D46DE8}") = "test", "test", "{513F4D0E-7377-4FBD-9476-ABA048645AF5}"
EndProject
Project("{FAE04EC0-301F-11D3-BF4B-00C04F79EFBC}") = "SimpleAPI.Test", "test\SimpleAPI.Test\SimpleAPI.Test.csproj", "{F49E437D-C3C5-43F8-876E-6BB07DE39764}"
EndProject
Global
	GlobalSection(SolutionConfigurationPlatforms) = preSolution
		Debug|Any CPU = Debug|Any CPU
		Debug|x64 = Debug|x64
		Debug|x86 = Debug|x86
		Release|Any CPU = Release|Any CPU
		Release|x64 = Release|x64
		Release|x86 = Release|x86
	EndGlobalSection
	GlobalSection(SolutionProperties) = preSolution
		HideSolutionNode = FALSE
	EndGlobalSection
	GlobalSection(ProjectConfigurationPlatforms) = postSolution
		{1C23E92A-372F-44CB-8575-76721F8AEF7D}.Debug|Any CPU.ActiveCfg = Debug|Any CPU
		{1C23E92A-372F-44CB-8575-76721F8AEF7D}.Debug|Any CPU.Build.0 = Debug|Any CPU
		{1C23E92A-372F-44CB-8575-76721F8AEF7D}.Debug|x64.ActiveCfg = Debug|Any CPU
		{1C23E92A-372F-44CB-8575-76721F8AEF7D}.Debug|x64.Build.0 = Debug|Any CPU
		{1C23E92A-372F-44CB-8575-76721F8AEF7D}.Debug|x86.ActiveCfg = Debug|Any CPU
		{1C23E92A-372F-44CB-8575-76721F8AEF7D}.Debug|x86.Build.0 = Debug|Any CPU
		{1C23E92A-372F-44CB-8575-76721F8AEF7D}.Release|Any CPU.ActiveCfg = Release|Any CPU
		{1C23E92A-372F-44CB-8575-76721F8AEF7D}.Release|Any CPU.Build.0 = Release|Any CPU
		{1C23E92A-372F-44CB-8575-76721F8AEF7D}.Release|x64.ActiveCfg = Release|Any CPU
		{1C23E92A-372F-44CB-8575-76721F8AEF7D}.Release|x64.Build.0 = Release|Any CPU
		{1C23E92A-372F-44CB-8575-76721F8AEF7D}.Release|x86.ActiveCfg = Release|Any CPU
		{1C23E92A-372F-44CB-8575-76721F8AEF7D}.Release|x86.Build.0 = Release|Any CPU
		{F49E437D-C3C5-43F8-876E-6BB07DE39764}.Debug|Any CPU.ActiveCfg = Debug|Any CPU
		{F49E437D-C3C5-43F8-876E-6BB07DE39764}.Debug|Any CPU.Build.0 = Debug|Any CPU
		{F49E437D-C3C5-43F8-876E-6BB07DE39764}.Debug|x64.ActiveCfg = Debug|Any CPU
		{F49E437D-C3C5-43F8-876E-6BB07DE39764}.Debug|x64.Build.0 = Debug|Any CPU
		{F49E437D-C3C5-43F8-876E-6BB07DE39764}.Debug|x86.ActiveCfg = Debug|Any CPU
		{F49E437D-C3C5-43F8-876E-6BB07DE39764}.Debug|x86.Build.0 = Debug|Any CPU
		{F49E437D-C3C5-43F8-876E-6BB07DE39764}.Release|Any CPU.ActiveCfg = Release|Any CPU
		{F49E437D-C3C5-43F8-876E-6BB07DE39764}.Release|Any CPU.Build.0 = Release|Any CPU
		{F49E437D-C3C5-43F8-876E-6BB07DE39764}.Release|x64.ActiveCfg = Release|Any CPU
		{F49E437D-C3C5-43F8-876E-6BB07DE39764}.Release|x64.Build.0 = Release|Any CPU
		{F49E437D-C3C5-43F8-876E-6BB07DE39764}.Release|x86.ActiveCfg = Release|Any CPU
		{F49E437D-C3C5-43F8-876E-6BB07DE39764}.Release|x86.Build.0 = Release|Any CPU
	EndGlobalSection
	GlobalSection(NestedProjects) = preSolution
		{1C23E92A-372F-44CB-8575-76721F8AEF7D} = {A3B6D6EA-9857-448C-8E4F-61891A0CFD87}
		{F49E437D-C3C5-43F8-876E-6BB07DE39764} = {513F4D0E-7377-4FBD-9476-ABA048645AF5}
	EndGlobalSection
EndGlobal
